
Microsoft Visual Studio Solution File, Format Version 12.00
# Visual Studio Version 16
VisualStudioVersion = 16.0.30406.217
MinimumVisualStudioVersion = 10.0.40219.1
Project("{FAE04EC0-301F-11D3-BF4B-00C04F79EFBC}") = "FitnessApp.BL", "FitnessApp.BL\FitnessApp.BL.csproj", "{89A97951-7EFB-48F7-B1D3-A9B8FE4682FB}"
EndProject
Project("{FAE04EC0-301F-11D3-BF4B-00C04F79EFBC}") = "FitnessApp.CMD", "FitnessApp.CMD\FitnessApp.CMD.csproj", "{C23DC8EE-12CF-4266-89F8-6415F34530CB}"
EndProject
Global
	GlobalSection(SolutionConfigurationPlatforms) = preSolution
		Debug|Any CPU = Debug|Any CPU
		Release|Any CPU = Release|Any CPU
	EndGlobalSection
	GlobalSection(ProjectConfigurationPlatforms) = postSolution
		{89A97951-7EFB-48F7-B1D3-A9B8FE4682FB}.Debug|Any CPU.ActiveCfg = Debug|Any CPU
		{89A97951-7EFB-48F7-B1D3-A9B8FE4682FB}.Debug|Any CPU.Build.0 = Debug|Any CPU
		{89A97951-7EFB-48F7-B1D3-A9B8FE4682FB}.Release|Any CPU.ActiveCfg = Release|Any CPU
		{89A97951-7EFB-48F7-B1D3-A9B8FE4682FB}.Release|Any CPU.Build.0 = Release|Any CPU
		{C23DC8EE-12CF-4266-89F8-6415F34530CB}.Debug|Any CPU.ActiveCfg = Debug|Any CPU
		{C23DC8EE-12CF-4266-89F8-6415F34530CB}.Debug|Any CPU.Build.0 = Debug|Any CPU
		{C23DC8EE-12CF-4266-89F8-6415F34530CB}.Release|Any CPU.ActiveCfg = Release|Any CPU
		{C23DC8EE-12CF-4266-89F8-6415F34530CB}.Release|Any CPU.Build.0 = Release|Any CPU
	EndGlobalSection
	GlobalSection(SolutionProperties) = preSolution
		HideSolutionNode = FALSE
	EndGlobalSection
	GlobalSection(ExtensibilityGlobals) = postSolution
		SolutionGuid = {F4E26D8D-F883-4ACA-9F06-94AECB7FD52A}
	EndGlobalSection
EndGlobal
